
Microsoft Visual Studio Solution File, Format Version 12.00
# Visual Studio Version 17
VisualStudioVersion = 17.14.36109.1 d17.14
MinimumVisualStudioVersion = 10.0.40219.1
Project("{FAE04EC0-301F-11D3-BF4B-00C04F79EFBC}") = "LinqAssingment01", "LinqAssingment01.csproj", "{8CD0E338-72FA-4AE8-8745-093F70075026}"
EndProject
Global
	GlobalSection(SolutionConfigurationPlatforms) = preSolution
		Debug|Any CPU = Debug|Any CPU
		Release|Any CPU = Release|Any CPU
	EndGlobalSection
	GlobalSection(ProjectConfigurationPlatforms) = postSolution
		{8CD0E338-72FA-4AE8-8745-093F70075026}.Debug|Any CPU.ActiveCfg = Debug|Any CPU
		{8CD0E338-72FA-4AE8-8745-093F70075026}.Debug|Any CPU.Build.0 = Debug|Any CPU
		{8CD0E338-72FA-4AE8-8745-093F70075026}.Release|Any CPU.ActiveCfg = Release|Any CPU
		{8CD0E338-72FA-4AE8-8745-093F70075026}.Release|Any CPU.Build.0 = Release|Any CPU
	EndGlobalSection
	GlobalSection(SolutionProperties) = preSolution
		HideSolutionNode = FALSE
	EndGlobalSection
	GlobalSection(ExtensibilityGlobals) = postSolution
		SolutionGuid = {A845DE9B-F8EE-4864-A27F-C1B4B7EA06C0}
	EndGlobalSection
EndGlobal
